<?xml version="1.0" encoding="utf-8"?>
<Project ToolsVersion="4.0" xmlns="http://schemas.microsoft.com/developer/msbuild/2003">
  <ItemGroup>
    <Filter Include="Source Files">
      <UniqueIdentifier>{4FC737F1-C7A5-4376-A066-2A32D752A2FF}</UniqueIdentifier>
      <Extensions>cpp;c;cc;cxx;def;odl;idl;hpj;bat;asm;asmx</Extensions>
    </Filter>
    <Filter Include="Header Files">
      <UniqueIdentifier>{93995380-89BD-4b04-88EB-625FBE52EBFB}</UniqueIdentifier>
      <Extensions>h;hh;hpp;hxx;hm;inl;inc;ipp;xsd</Extensions>
    </Filter>
    <Filter Include="Resource Files">
      <UniqueIdentifier>{67DA6AB6-F800-4c08-8B7A-83BB121AAD01}</UniqueIdentifier>
      <Extensions>rc;ico;cur;bmp;dlg;rc2;rct;bin;rgs;gif;jpg;jpeg;jpe;resx;tiff;tif;png;wav;mfcribbon-ms</Extensions>
    </Filter>
    <Filter Include="Resource Files\textures">
      <UniqueIdentifier>{0a875873-3d80-4589-987f-55be4dd56b31}</UniqueIdentifier>
    </Filter>
    <Filter Include="Resource Files\shaders">
      <UniqueIdentifier>{446b6847-bad7-4a15-a1fa-10e5aefe5e96}</UniqueIdentifier>
    </Filter>
    <Filter Include="Resource Files\sounds">
      <UniqueIdentifier>{1249e796-5b13-48c3-bf73-514fd1d65ecc}</UniqueIdentifier>
    </Filter>
  </ItemGroup>
  <ItemGroup>
    <ClCompile Include="src\Button.cpp">
      <Filter>Source Files</Filter>
    </ClCompile>
    <ClCompile Include="src\Camera.cpp">
      <Filter>Source Files</Filter>
    </ClCompile>
    <ClCompile Include="src\Cell.cpp">
      <Filter>Source Files</Filter>
    </ClCompile>
    <ClCompile Include="src\Game.cpp">
      <Filter>Source Files</Filter>
    </ClCompile>
    <ClCompile Include="src\GameObj.cpp">
      <Filter>Source Files</Filter>
    </ClCompile>
    <ClCompile Include="src\GameScene.cpp">
      <Filter>Source Files</Filter>
    </ClCompile>
    <ClCompile Include="src\GraphicObj.cpp">
      <Filter>Source Files</Filter>
    </ClCompile>
    <ClCompile Include="src\GraphicScene.cpp">
      <Filter>Source Files</Filter>
    </ClCompile>
    <ClCompile Include="src\Minesweeper.cpp">
      <Filter>Source Files</Filter>
    </ClCompile>
    <ClCompile Include="src\Model.cpp">
      <Filter>Source Files</Filter>
    </ClCompile>
    <ClCompile Include="src\pngLoader.cpp">
      <Filter>Source Files</Filter>
    </ClCompile>
    <ClCompile Include="src\Shader.cpp">
      <Filter>Source Files</Filter>
    </ClCompile>
    <ClCompile Include="src\SoundManager.cpp">
      <Filter>Source Files</Filter>
    </ClCompile>
    <ClCompile Include="src\stdafx.cpp">
      <Filter>Source Files</Filter>
    </ClCompile>
  </ItemGroup>
  <ItemGroup>
    <ClInclude Include="src\Button.h">
      <Filter>Header Files</Filter>
    </ClInclude>
    <ClInclude Include="src\Camera.h">
      <Filter>Header Files</Filter>
    </ClInclude>
    <ClInclude Include="src\Cell.h">
      <Filter>Header Files</Filter>
    </ClInclude>
    <ClInclude Include="src\Game.h">
      <Filter>Header Files</Filter>
    </ClInclude>
    <ClInclude Include="src\GameObj.h">
      <Filter>Header Files</Filter>
    </ClInclude>
    <ClInclude Include="src\GameScene.h">
      <Filter>Header Files</Filter>
    </ClInclude>
    <ClInclude Include="src\GraphicObj.h">
      <Filter>Header Files</Filter>
    </ClInclude>
    <ClInclude Include="src\GraphicScene.h">
      <Filter>Header Files</Filter>
    </ClInclude>
    <ClInclude Include="src\Model.h">
      <Filter>Header Files</Filter>
    </ClInclude>
    <ClInclude Include="src\pngLoader.h">
      <Filter>Header Files</Filter>
    </ClInclude>
    <ClInclude Include="src\Shader.h">
      <Filter>Header Files</Filter>
    </ClInclude>
    <ClInclude Include="src\SoundManager.h">
      <Filter>Header Files</Filter>
    </ClInclude>
    <ClInclude Include="src\stdafx.h">
      <Filter>Header Files</Filter>
    </ClInclude>
    <ClInclude Include="src\targetver.h">
      <Filter>Header Files</Filter>
    </ClInclude>
  </ItemGroup>
  <ItemGroup>
    <None Include="res\shaders\mixShaderF.glsl">
      <Filter>Resource Files\shaders</Filter>
    </None>
    <None Include="res\shaders\normalsShaderF.glsl">
      <Filter>Resource Files\shaders</Filter>
    </None>
    <None Include="res\shaders\normalsShaderV.glsl">
      <Filter>Resource Files\shaders</Filter>
    </None>
    <None Include="res\shaders\simpleShaderF.glsl">
      <Filter>Resource Files\shaders</Filter>
    </None>
    <None Include="res\shaders\simpleShaderV.glsl">
      <Filter>Resource Files\shaders</Filter>
    </None>
    <None Include="res\shaders\texturesShaderF.glsl">
      <Filter>Resource Files\shaders</Filter>
    </None>
    <None Include="res\shaders\texturesShaderV.glsl">
      <Filter>Resource Files\shaders</Filter>
    </None>
  </ItemGroup>
  <ItemGroup>
    <Media Include="res\sounds\explosion.mp3">
      <Filter>Resource Files\sounds</Filter>
    </Media>
    <Media Include="res\sounds\main.mp3">
      <Filter>Resource Files\sounds</Filter>
    </Media>
    <Media Include="res\sounds\win.mp3">
      <Filter>Resource Files\sounds</Filter>
    </Media>
  </ItemGroup>
  <ItemGroup>
    <Image Include="res\textures\WinnerSmile.png">
      <Filter>Resource Files\textures</Filter>
    </Image>
    <Image Include="res\textures\Beginner.png">
      <Filter>Resource Files\textures</Filter>
    </Image>
    <Image Include="res\textures\Bomb.png">
      <Filter>Resource Files\textures</Filter>
    </Image>
    <Image Include="res\textures\DeadSmile.png">
      <Filter>Resource Files\textures</Filter>
    </Image>
    <Image Include="res\textures\Eight.png">
      <Filter>Resource Files\textures</Filter>
    </Image>
    <Image Include="res\textures\Exit.png">
      <Filter>Resource Files\textures</Filter>
    </Image>
    <Image Include="res\textures\Expert.png">
      <Filter>Resource Files\textures</Filter>
    </Image>
    <Image Include="res\textures\Five.png">
      <Filter>Resource Files\textures</Filter>
    </Image>
    <Image Include="res\textures\Flag.png">
      <Filter>Resource Files\textures</Filter>
    </Image>
    <Image Include="res\textures\Four.png">
      <Filter>Resource Files\textures</Filter>
    </Image>
    <Image Include="res\textures\Intermediate.png">
      <Filter>Resource Files\textures</Filter>
    </Image>
    <Image Include="res\textures\LiveSmile.png">
      <Filter>Resource Files\textures</Filter>
    </Image>
    <Image Include="res\textures\One.png">
      <Filter>Resource Files\textures</Filter>
    </Image>
    <Image Include="res\textures\Pressed.png">
      <Filter>Resource Files\textures</Filter>
    </Image>
    <Image Include="res\textures\Seven.png">
      <Filter>Resource Files\textures</Filter>
    </Image>
    <Image Include="res\textures\Six.png">
      <Filter>Resource Files\textures</Filter>
    </Image>
    <Image Include="res\textures\TEight.png">
      <Filter>Resource Files\textures</Filter>
    </Image>
    <Image Include="res\textures\TFive.png">
      <Filter>Resource Files\textures</Filter>
    </Image>
    <Image Include="res\textures\TFour.png">
      <Filter>Resource Files\textures</Filter>
    </Image>
    <Image Include="res\textures\Three.png">
      <Filter>Resource Files\textures</Filter>
    </Image>
    <Image Include="res\textures\TNine.png">
      <Filter>Resource Files\textures</Filter>
    </Image>
    <Image Include="res\textures\TOne.png">
      <Filter>Resource Files\textures</Filter>
    </Image>
    <Image Include="res\textures\TSeven.png">
      <Filter>Resource Files\textures</Filter>
    </Image>
    <Image Include="res\textures\TSix.png">
      <Filter>Resource Files\textures</Filter>
    </Image>
    <Image Include="res\textures\TThree.png">
      <Filter>Resource Files\textures</Filter>
    </Image>
    <Image Include="res\textures\TTwo.png">
      <Filter>Resource Files\textures</Filter>
    </Image>
    <Image Include="res\textures\Two.png">
      <Filter>Resource Files\textures</Filter>
    </Image>
    <Image Include="res\textures\TZero.png">
      <Filter>Resource Files\textures</Filter>
    </Image>
    <Image Include="res\textures\Unpressed.png">
      <Filter>Resource Files\textures</Filter>
    </Image>
  </ItemGroup>
</Project>